// !$*UTF8*$!
{
	archiveVersion = 1;
	classes = {
	};
	objectVersion = 46;
	objects = {

/* Begin PBXBuildFile section */
		15E30F491B7DE01B002862B5 /* main.m in Sources */ = {isa = PBXBuildFile; fileRef = 15E30F481B7DE01B002862B5 /* main.m */; };
		15E30F4C1B7DE01B002862B5 /* WWAppDelegate.m in Sources */ = {isa = PBXBuildFile; fileRef = 15E30F4B1B7DE01B002862B5 /* WWAppDelegate.m */; };
		15E30F541B7DE01B002862B5 /* Images.xcassets in Resources */ = {isa = PBXBuildFile; fileRef = 15E30F531B7DE01B002862B5 /* Images.xcassets */; };
		15E30F571B7DE01B002862B5 /* LaunchScreen.xib in Resources */ = {isa = PBXBuildFile; fileRef = 15E30F551B7DE01B002862B5 /* LaunchScreen.xib */; };
		15E30F631B7DE01B002862B5 /* WWPresentTransitionsTests.m in Sources */ = {isa = PBXBuildFile; fileRef = 15E30F621B7DE01B002862B5 /* WWPresentTransitionsTests.m */; };
		15E30F711B7DE06D002862B5 /* Main.storyboard in Resources */ = {isa = PBXBuildFile; fileRef = 15E30F6C1B7DE06D002862B5 /* Main.storyboard */; };
		15E30F721B7DE06D002862B5 /* WWViewController.m in Sources */ = {isa = PBXBuildFile; fileRef = 15E30F6E1B7DE06D002862B5 /* WWViewController.m */; };
		15E30F731B7DE06D002862B5 /* WWSecondViewController.m in Sources */ = {isa = PBXBuildFile; fileRef = 15E30F701B7DE06D002862B5 /* WWSecondViewController.m */; };
		15E30F801B7DE0B0002862B5 /* DismissAnimation.m in Sources */ = {isa = PBXBuildFile; fileRef = 15E30F781B7DE0B0002862B5 /* DismissAnimation.m */; };
		15E30F811B7DE0B0002862B5 /* PanGestureRecognizerAnimation.m in Sources */ = {isa = PBXBuildFile; fileRef = 15E30F7A1B7DE0B0002862B5 /* PanGestureRecognizerAnimation.m */; };
		15E30F821B7DE0B0002862B5 /* PresentAnimation.m in Sources */ = {isa = PBXBuildFile; fileRef = 15E30F7C1B7DE0B0002862B5 /* PresentAnimation.m */; };
		15E30F831B7DE0B0002862B5 /* ReplaceMe.m in Sources */ = {isa = PBXBuildFile; fileRef = 15E30F7D1B7DE0B0002862B5 /* ReplaceMe.m */; };
		15E30F841B7DE0B0002862B5 /* TransitionAnimation.m in Sources */ = {isa = PBXBuildFile; fileRef = 15E30F7F1B7DE0B0002862B5 /* TransitionAnimation.m */; };
/* End PBXBuildFile section */

/* Begin PBXContainerItemProxy section */
		15E30F5D1B7DE01B002862B5 /* PBXContainerItemProxy */ = {
			isa = PBXContainerItemProxy;
			containerPortal = 15E30F3B1B7DE01B002862B5 /* Project object */;
			proxyType = 1;
			remoteGlobalIDString = 15E30F421B7DE01B002862B5;
			remoteInfo = WWPresentTransitions;
		};
/* End PBXContainerItemProxy section */

/* Begin PBXFileReference section */
		15E30F431B7DE01B002862B5 /* WWPresentTransitions.app */ = {isa = PBXFileReference; explicitFileType = wrapper.application; includeInIndex = 0; path = WWPresentTransitions.app; sourceTree = BUILT_PRODUCTS_DIR; };
		15E30F471B7DE01B002862B5 /* Info.plist */ = {isa = PBXFileReference; lastKnownFileType = text.plist.xml; path = Info.plist; sourceTree = "<group>"; };
		15E30F481B7DE01B002862B5 /* main.m */ = {isa = PBXFileReference; lastKnownFileType = sourcecode.c.objc; path = main.m; sourceTree = "<group>"; };
		15E30F4A1B7DE01B002862B5 /* WWAppDelegate.h */ = {isa = PBXFileReference; lastKnownFileType = sourcecode.c.h; path = WWAppDelegate.h; sourceTree = "<group>"; };
		15E30F4B1B7DE01B002862B5 /* WWAppDelegate.m */ = {isa = PBXFileReference; lastKnownFileType = sourcecode.c.objc; path = WWAppDelegate.m; sourceTree = "<group>"; };
		15E30F531B7DE01B002862B5 /* Images.xcassets */ = {isa = PBXFileReference; lastKnownFileType = folder.assetcatalog; path = Images.xcassets; sourceTree = "<group>"; };
		15E30F561B7DE01B002862B5 /* Base */ = {isa = PBXFileReference; lastKnownFileType = file.xib; name = Base; path = Base.lproj/LaunchScreen.xib; sourceTree = "<group>"; };
		15E30F5C1B7DE01B002862B5 /* WWPresentTransitionsTests.xctest */ = {isa = PBXFileReference; explicitFileType = wrapper.cfbundle; includeInIndex = 0; path = WWPresentTransitionsTests.xctest; sourceTree = BUILT_PRODUCTS_DIR; };
		15E30F611B7DE01B002862B5 /* Info.plist */ = {isa = PBXFileReference; lastKnownFileType = text.plist.xml; path = Info.plist; sourceTree = "<group>"; };
		15E30F621B7DE01B002862B5 /* WWPresentTransitionsTests.m */ = {isa = PBXFileReference; lastKnownFileType = sourcecode.c.objc; path = WWPresentTransitionsTests.m; sourceTree = "<group>"; };
		15E30F6C1B7DE06D002862B5 /* Main.storyboard */ = {isa = PBXFileReference; fileEncoding = 4; lastKnownFileType = file.storyboard; path = Main.storyboard; sourceTree = "<group>"; };
		15E30F6D1B7DE06D002862B5 /* WWViewController.h */ = {isa = PBXFileReference; fileEncoding = 4; lastKnownFileType = sourcecode.c.h; path = WWViewController.h; sourceTree = "<group>"; };
		15E30F6E1B7DE06D002862B5 /* WWViewController.m */ = {isa = PBXFileReference; fileEncoding = 4; lastKnownFileType = sourcecode.c.objc; path = WWViewController.m; sourceTree = "<group>"; };
		15E30F6F1B7DE06D002862B5 /* WWSecondViewController.h */ = {isa = PBXFileReference; fileEncoding = 4; lastKnownFileType = sourcecode.c.h; path = WWSecondViewController.h; sourceTree = "<group>"; };
		15E30F701B7DE06D002862B5 /* WWSecondViewController.m */ = {isa = PBXFileReference; fileEncoding = 4; lastKnownFileType = sourcecode.c.objc; path = WWSecondViewController.m; sourceTree = "<group>"; };
		15E30F771B7DE0B0002862B5 /* DismissAnimation.h */ = {isa = PBXFileReference; fileEncoding = 4; lastKnownFileType = sourcecode.c.h; path = DismissAnimation.h; sourceTree = "<group>"; };
		15E30F781B7DE0B0002862B5 /* DismissAnimation.m */ = {isa = PBXFileReference; fileEncoding = 4; lastKnownFileType = sourcecode.c.objc; path = DismissAnimation.m; sourceTree = "<group>"; };
		15E30F791B7DE0B0002862B5 /* PanGestureRecognizerAnimation.h */ = {isa = PBXFileReference; fileEncoding = 4; lastKnownFileType = sourcecode.c.h; path = PanGestureRecognizerAnimation.h; sourceTree = "<group>"; };
		15E30F7A1B7DE0B0002862B5 /* PanGestureRecognizerAnimation.m */ = {isa = PBXFileReference; fileEncoding = 4; lastKnownFileType = sourcecode.c.objc; path = PanGestureRecognizerAnimation.m; sourceTree = "<group>"; };
		15E30F7B1B7DE0B0002862B5 /* PresentAnimation.h */ = {isa = PBXFileReference; fileEncoding = 4; lastKnownFileType = sourcecode.c.h; path = PresentAnimation.h; sourceTree = "<group>"; };
		15E30F7C1B7DE0B0002862B5 /* PresentAnimation.m */ = {isa = PBXFileReference; fileEncoding = 4; lastKnownFileType = sourcecode.c.objc; path = PresentAnimation.m; sourceTree = "<group>"; };
		15E30F7D1B7DE0B0002862B5 /* ReplaceMe.m */ = {isa = PBXFileReference; fileEncoding = 4; lastKnownFileType = sourcecode.c.objc; path = ReplaceMe.m; sourceTree = "<group>"; };
		15E30F7E1B7DE0B0002862B5 /* TransitionAnimation.h */ = {isa = PBXFileReference; fileEncoding = 4; lastKnownFileType = sourcecode.c.h; path = TransitionAnimation.h; sourceTree = "<group>"; };
		15E30F7F1B7DE0B0002862B5 /* TransitionAnimation.m */ = {isa = PBXFileReference; fileEncoding = 4; lastKnownFileType = sourcecode.c.objc; path = TransitionAnimation.m; sourceTree = "<group>"; };
/* End PBXFileReference section */

/* Begin PBXFrameworksBuildPhase section */
		15E30F401B7DE01B002862B5 /* Frameworks */ = {
			isa = PBXFrameworksBuildPhase;
			buildActionMask = 2147483647;
			files = (
			);
			runOnlyForDeploymentPostprocessing = 0;
		};
		15E30F591B7DE01B002862B5 /* Frameworks */ = {
			isa = PBXFrameworksBuildPhase;
			buildActionMask = 2147483647;
			files = (
			);
			runOnlyForDeploymentPostprocessing = 0;
		};
/* End PBXFrameworksBuildPhase section */

/* Begin PBXGroup section */
		15E30F3A1B7DE01B002862B5 = {
			isa = PBXGroup;
			children = (
				15E30F451B7DE01B002862B5 /* WWPresentTransitions */,
				15E30F5F1B7DE01B002862B5 /* WWPresentTransitionsTests */,
				15E30F441B7DE01B002862B5 /* Products */,
			);
			sourceTree = "<group>";
		};
		15E30F441B7DE01B002862B5 /* Products */ = {
			isa = PBXGroup;
			children = (
				15E30F431B7DE01B002862B5 /* WWPresentTransitions.app */,
				15E30F5C1B7DE01B002862B5 /* WWPresentTransitionsTests.xctest */,
			);
			name = Products;
			sourceTree = "<group>";
		};
		15E30F451B7DE01B002862B5 /* WWPresentTransitions */ = {
			isa = PBXGroup;
			children = (
				15E30F761B7DE0B0002862B5 /* TransitionAnimation */,
				15E30F4A1B7DE01B002862B5 /* WWAppDelegate.h */,
				15E30F4B1B7DE01B002862B5 /* WWAppDelegate.m */,
				15E30F6C1B7DE06D002862B5 /* Main.storyboard */,
				15E30F6D1B7DE06D002862B5 /* WWViewController.h */,
				15E30F6E1B7DE06D002862B5 /* WWViewController.m */,
				15E30F6F1B7DE06D002862B5 /* WWSecondViewController.h */,
				15E30F701B7DE06D002862B5 /* WWSecondViewController.m */,
				15E30F531B7DE01B002862B5 /* Images.xcassets */,
				15E30F551B7DE01B002862B5 /* LaunchScreen.xib */,
				15E30F461B7DE01B002862B5 /* Supporting Files */,
			);
			path = WWPresentTransitions;
			sourceTree = "<group>";
		};
		15E30F461B7DE01B002862B5 /* Supporting Files */ = {
			isa = PBXGroup;
			children = (
				15E30F471B7DE01B002862B5 /* Info.plist */,
				15E30F481B7DE01B002862B5 /* main.m */,
			);
			name = "Supporting Files";
			sourceTree = "<group>";
		};
		15E30F5F1B7DE01B002862B5 /* WWPresentTransitionsTests */ = {
			isa = PBXGroup;
			children = (
				15E30F621B7DE01B002862B5 /* WWPresentTransitionsTests.m */,
				15E30F601B7DE01B002862B5 /* Supporting Files */,
			);
			path = WWPresentTransitionsTests;
			sourceTree = "<group>";
		};
		15E30F601B7DE01B002862B5 /* Supporting Files */ = {
			isa = PBXGroup;
			children = (
				15E30F611B7DE01B002862B5 /* Info.plist */,
			);
			name = "Supporting Files";
			sourceTree = "<group>";
		};
		15E30F761B7DE0B0002862B5 /* TransitionAnimation */ = {
			isa = PBXGroup;
			children = (
				15E30F771B7DE0B0002862B5 /* DismissAnimation.h */,
				15E30F781B7DE0B0002862B5 /* DismissAnimation.m */,
				15E30F791B7DE0B0002862B5 /* PanGestureRecognizerAnimation.h */,
				15E30F7A1B7DE0B0002862B5 /* PanGestureRecognizerAnimation.m */,
				15E30F7B1B7DE0B0002862B5 /* PresentAnimation.h */,
				15E30F7C1B7DE0B0002862B5 /* PresentAnimation.m */,
				15E30F7D1B7DE0B0002862B5 /* ReplaceMe.m */,
				15E30F7E1B7DE0B0002862B5 /* TransitionAnimation.h */,
				15E30F7F1B7DE0B0002862B5 /* TransitionAnimation.m */,
			);
			path = TransitionAnimation;
			sourceTree = "<group>";
		};
/* End PBXGroup section */

/* Begin PBXNativeTarget section */
		15E30F421B7DE01B002862B5 /* WWPresentTransitions */ = {
			isa = PBXNativeTarget;
			buildConfigurationList = 15E30F661B7DE01B002862B5 /* Build configuration list for PBXNativeTarget "WWPresentTransitions" */;
			buildPhases = (
				15E30F3F1B7DE01B002862B5 /* Sources */,
				15E30F401B7DE01B002862B5 /* Frameworks */,
				15E30F411B7DE01B002862B5 /* Resources */,
			);
			buildRules = (
			);
			dependencies = (
			);
			name = WWPresentTransitions;
			productName = WWPresentTransitions;
			productReference = 15E30F431B7DE01B002862B5 /* WWPresentTransitions.app */;
			productType = "com.apple.product-type.application";
		};
		15E30F5B1B7DE01B002862B5 /* WWPresentTransitionsTests */ = {
			isa = PBXNativeTarget;
			buildConfigurationList = 15E30F691B7DE01B002862B5 /* Build configuration list for PBXNativeTarget "WWPresentTransitionsTests" */;
			buildPhases = (
				15E30F581B7DE01B002862B5 /* Sources */,
				15E30F591B7DE01B002862B5 /* Frameworks */,
				15E30F5A1B7DE01B002862B5 /* Resources */,
			);
			buildRules = (
			);
			dependencies = (
				15E30F5E1B7DE01B002862B5 /* PBXTargetDependency */,
			);
			name = WWPresentTransitionsTests;
			productName = WWPresentTransitionsTests;
			productReference = 15E30F5C1B7DE01B002862B5 /* WWPresentTransitionsTests.xctest */;
			productType = "com.apple.product-type.bundle.unit-test";
		};
/* End PBXNativeTarget section */

/* Begin PBXProject section */
		15E30F3B1B7DE01B002862B5 /* Project object */ = {
			isa = PBXProject;
			attributes = {
				LastUpgradeCheck = 0640;
				ORGANIZATIONNAME = "WW-Wang";
				TargetAttributes = {
					15E30F421B7DE01B002862B5 = {
						CreatedOnToolsVersion = 6.4;
					};
					15E30F5B1B7DE01B002862B5 = {
						CreatedOnToolsVersion = 6.4;
						TestTargetID = 15E30F421B7DE01B002862B5;
					};
				};
			};
			buildConfigurationList = 15E30F3E1B7DE01B002862B5 /* Build configuration list for PBXProject "WWPresentTransitions" */;
			compatibilityVersion = "Xcode 3.2";
			developmentRegion = English;
			hasScannedForEncodings = 0;
			knownRegions = (
				en,
				Base,
			);
			mainGroup = 15E30F3A1B7DE01B002862B5;
			productRefGroup = 15E30F441B7DE01B002862B5 /* Products */;
			projectDirPath = "";
			projectRoot = "";
			targets = (
				15E30F421B7DE01B002862B5 /* WWPresentTransitions */,
				15E30F5B1B7DE01B002862B5 /* WWPresentTransitionsTests */,
			);
		};
/* End PBXProject section */

/* Begin PBXResourcesBuildPhase section */
		15E30F411B7DE01B002862B5 /* Resources */ = {
			isa = PBXResourcesBuildPhase;
			buildActionMask = 2147483647;
			files = (
				15E30F711B7DE06D002862B5 /* Main.storyboard in Resources */,
				15E30F571B7DE01B002862B5 /* LaunchScreen.xib in Resources */,
				15E30F541B7DE01B002862B5 /* Images.xcassets in Resources */,
			);
			runOnlyForDeploymentPostprocessing = 0;
		};
		15E30F5A1B7DE01B002862B5 /* Resources */ = {
			isa = PBXResourcesBuildPhase;
			buildActionMask = 2147483647;
			files = (
			);
			runOnlyForDeploymentPostprocessing = 0;
		};
/* End PBXResourcesBuildPhase section */

/* Begin PBXSourcesBuildPhase section */
		15E30F3F1B7DE01B002862B5 /* Sources */ = {
			isa = PBXSourcesBuildPhase;
			buildActionMask = 2147483647;
			files = (
				15E30F811B7DE0B0002862B5 /* PanGestureRecognizerAnimation.m in Sources */,
				15E30F731B7DE06D002862B5 /* WWSecondViewController.m in Sources */,
				15E30F841B7DE0B0002862B5 /* TransitionAnimation.m in Sources */,
				15E30F821B7DE0B0002862B5 /* PresentAnimation.m in Sources */,
				15E30F801B7DE0B0002862B5 /* DismissAnimation.m in Sources */,
				15E30F831B7DE0B0002862B5 /* ReplaceMe.m in Sources */,
				15E30F4C1B7DE01B002862B5 /* WWAppDelegate.m in Sources */,
				15E30F491B7DE01B002862B5 /* main.m in Sources */,
				15E30F721B7DE06D002862B5 /* WWViewController.m in Sources */,
			);
			runOnlyForDeploymentPostprocessing = 0;
		};
		15E30F581B7DE01B002862B5 /* Sources */ = {
			isa = PBXSourcesBuildPhase;
			buildActionMask = 2147483647;
			files = (
				15E30F631B7DE01B002862B5 /* WWPresentTransitionsTests.m in Sources */,
			);
			runOnlyForDeploymentPostprocessing = 0;
		};
/* End PBXSourcesBuildPhase section */

/* Begin PBXTargetDependency section */
		15E30F5E1B7DE01B002862B5 /* PBXTargetDependency */ = {
			isa = PBXTargetDependency;
			target = 15E30F421B7DE01B002862B5 /* WWPresentTransitions */;
			targetProxy = 15E30F5D1B7DE01B002862B5 /* PBXContainerItemProxy */;
		};
/* End PBXTargetDependency section */

/* Begin PBXVariantGroup section */
		15E30F551B7DE01B002862B5 /* LaunchScreen.xib */ = {
			isa = PBXVariantGroup;
			children = (
				15E30F561B7DE01B002862B5 /* Base */,
			);
			name = LaunchScreen.xib;
			sourceTree = "<group>";
		};
/* End PBXVariantGroup section */

/* Begin XCBuildConfiguration section */
		15E30F641B7DE01B002862B5 /* Debug */ = {
			isa = XCBuildConfiguration;
			buildSettings = {
				ALWAYS_SEARCH_USER_PATHS = NO;
				CLANG_CXX_LANGUAGE_STANDARD = "gnu++0x";
				CLANG_CXX_LIBRARY = "libc++";
				CLANG_ENABLE_MODULES = YES;
				CLANG_ENABLE_OBJC_ARC = YES;
				CLANG_WARN_BOOL_CONVERSION = YES;
				CLANG_WARN_CONSTANT_CONVERSION = YES;
				CLANG_WARN_DIRECT_OBJC_ISA_USAGE = YES_ERROR;
				CLANG_WARN_EMPTY_BODY = YES;
				CLANG_WARN_ENUM_CONVERSION = YES;
				CLANG_WARN_INT_CONVERSION = YES;
				CLANG_WARN_OBJC_ROOT_CLASS = YES_ERROR;
				CLANG_WARN_UNREACHABLE_CODE = YES;
				CLANG_WARN__DUPLICATE_METHOD_MATCH = YES;
				"CODE_SIGN_IDENTITY[sdk=iphoneos*]" = "iPhone Developer";
				COPY_PHASE_STRIP = NO;
				DEBUG_INFORMATION_FORMAT = "dwarf-with-dsym";
				ENABLE_STRICT_OBJC_MSGSEND = YES;
				GCC_C_LANGUAGE_STANDARD = gnu99;
				GCC_DYNAMIC_NO_PIC = NO;
				GCC_NO_COMMON_BLOCKS = YES;
				GCC_OPTIMIZATION_LEVEL = 0;
				GCC_PREPROCESSOR_DEFINITIONS = (
					"DEBUG=1",
					"$(inherited)",
				);
				GCC_SYMBOLS_PRIVATE_EXTERN = NO;
				GCC_WARN_64_TO_32_BIT_CONVERSION = YES;
				GCC_WARN_ABOUT_RETURN_TYPE = YES_ERROR;
				GCC_WARN_UNDECLARED_SELECTOR = YES;
				GCC_WARN_UNINITIALIZED_AUTOS = YES_AGGRESSIVE;
				GCC_WARN_UNUSED_FUNCTION = YES;
				GCC_WARN_UNUSED_VARIABLE = YES;
				IPHONEOS_DEPLOYMENT_TARGET = 7.1;
				MTL_ENABLE_DEBUG_INFO = YES;
				ONLY_ACTIVE_ARCH = YES;
				SDKROOT = iphoneos;
				TARGETED_DEVICE_FAMILY = "1,2";
			};
			name = Debug;
		};
		15E30F651B7DE01B002862B5 /* Release */ = {
			isa = XCBuildConfiguration;
			buildSettings = {
				ALWAYS_SEARCH_USER_PATHS = NO;
				CLANG_CXX_LANGUAGE_STANDARD = "gnu++0x";
				CLANG_CXX_LIBRARY = "libc++";
				CLANG_ENABLE_MODULES = YES;
				CLANG_ENABLE_OBJC_ARC = YES;
				CLANG_WARN_BOOL_CONVERSION = YES;
				CLANG_WARN_CONSTANT_CONVERSION = YES;
				CLANG_WARN_DIRECT_OBJC_ISA_USAGE = YES_ERROR;
				CLANG_WARN_EMPTY_BODY = YES;
				CLANG_WARN_ENUM_CONVERSION = YES;
				CLANG_WARN_INT_CONVERSION = YES;
				CLANG_WARN_OBJC_ROOT_CLASS = YES_ERROR;
				CLANG_WARN_UNREACHABLE_CODE = YES;
				CLANG_WARN__DUPLICATE_METHOD_MATCH = YES;
				"CODE_SIGN_IDENTITY[sdk=iphoneos*]" = "iPhone Developer";
				COPY_PHASE_STRIP = NO;
				DEBUG_INFORMATION_FORMAT = "dwarf-with-dsym";
				ENABLE_NS_ASSERTIONS = NO;
				ENABLE_STRICT_OBJC_MSGSEND = YES;
				GCC_C_LANGUAGE_STANDARD = gnu99;
				GCC_NO_COMMON_BLOCKS = YES;
				GCC_WARN_64_TO_32_BIT_CONVERSION = YES;
				GCC_WARN_ABOUT_RETURN_TYPE = YES_ERROR;
				GCC_WARN_UNDECLARED_SELECTOR = YES;
				GCC_WARN_UNINITIALIZED_AUTOS = YES_AGGRESSIVE;
				GCC_WARN_UNUSED_FUNCTION = YES;
				GCC_WARN_UNUSED_VARIABLE = YES;
				IPHONEOS_DEPLOYMENT_TARGET = 7.1;
				MTL_ENABLE_DEBUG_INFO = NO;
				SDKROOT = iphoneos;
				TARGETED_DEVICE_FAMILY = "1,2";
				VALIDATE_PRODUCT = YES;
			};
			name = Release;
		};
		15E30F671B7DE01B002862B5 /* Debug */ = {
			isa = XCBuildConfiguration;
			buildSettings = {
				ASSETCATALOG_COMPILER_APPICON_NAME = AppIcon;
				INFOPLIST_FILE = WWPresentTransitions/Info.plist;
				LD_RUNPATH_SEARCH_PATHS = "$(inherited) @executable_path/Frameworks";
				PRODUCT_NAME = "$(TARGET_NAME)";
			};
			name = Debug;
		};
		15E30F681B7DE01B002862B5 /* Release */ = {
			isa = XCBuildConfiguration;
			buildSettings = {
				ASSETCATALOG_COMPILER_APPICON_NAME = AppIcon;
				INFOPLIST_FILE = WWPresentTransitions/Info.plist;
				LD_RUNPATH_SEARCH_PATHS = "$(inherited) @executable_path/Frameworks";
				PRODUCT_NAME = "$(TARGET_NAME)";
			};
			name = Release;
		};
		15E30F6A1B7DE01B002862B5 /* Debug */ = {
			isa = XCBuildConfiguration;
			buildSettings = {
				BUNDLE_LOADER = "$(TEST_HOST)";
				FRAMEWORK_SEARCH_PATHS = (
					"$(SDKROOT)/Developer/Library/Frameworks",
					"$(inherited)",
				);
				GCC_PREPROCESSOR_DEFINITIONS = (
					"DEBUG=1",
					"$(inherited)",
				);
				INFOPLIST_FILE = WWPresentTransitionsTests/Info.plist;
				LD_RUNPATH_SEARCH_PATHS = "$(inherited) @executable_path/Frameworks @loader_path/Frameworks";
				PRODUCT_NAME = "$(TARGET_NAME)";
				TEST_HOST = "$(BUILT_PRODUCTS_DIR)/WWPresentTransitions.app/WWPresentTransitions";
			};
			name = Debug;
		};
		15E30F6B1B7DE01B002862B5 /* Release */ = {
			isa = XCBuildConfiguration;
			buildSettings = {
				BUNDLE_LOADER = "$(TEST_HOST)";
				FRAMEWORK_SEARCH_PATHS = (
					"$(SDKROOT)/Developer/Library/Frameworks",
					"$(inherited)",
				);
				INFOPLIST_FILE = WWPresentTransitionsTests/Info.plist;
				LD_RUNPATH_SEARCH_PATHS = "$(inherited) @executable_path/Frameworks @loader_path/Frameworks";
				PRODUCT_NAME = "$(TARGET_NAME)";
				TEST_HOST = "$(BUILT_PRODUCTS_DIR)/WWPresentTransitions.app/WWPresentTransitions";
			};
			name = Release;
		};
/* End XCBuildConfiguration section */

/* Begin XCConfigurationList section */
		15E30F3E1B7DE01B002862B5 /* Build configuration list for PBXProject "WWPresentTransitions" */ = {
			isa = XCConfigurationList;
			buildConfigurations = (
				15E30F641B7DE01B002862B5 /* Debug */,
				15E30F651B7DE01B002862B5 /* Release */,
			);
			defaultConfigurationIsVisible = 0;
			defaultConfigurationName = Release;
		};
		15E30F661B7DE01B002862B5 /* Build configuration list for PBXNativeTarget "WWPresentTransitions" */ = {
			isa = XCConfigurationList;
			buildConfigurations = (
				15E30F671B7DE01B002862B5 /* Debug */,
				15E30F681B7DE01B002862B5 /* Release */,
			);
			defaultConfigurationIsVisible = 0;
		};
		15E30F691B7DE01B002862B5 /* Build configuration list for PBXNativeTarget "WWPresentTransitionsTests" */ = {
			isa = XCConfigurationList;
			buildConfigurations = (
				15E30F6A1B7DE01B002862B5 /* Debug */,
				15E30F6B1B7DE01B002862B5 /* Release */,
			);
			defaultConfigurationIsVisible = 0;
		};
/* End XCConfigurationList section */
	};
	rootObject = 15E30F3B1B7DE01B002862B5 /* Project object */;
}
